
Microsoft Visual Studio Solution File, Format Version 12.00
# Visual Studio Version 16
VisualStudioVersion = 16.0.29001.49
MinimumVisualStudioVersion = 10.0.40219.1
Project("{9A19103F-16F7-4668-BE54-9A1E7A4F7556}") = "AILMon", "AILMon\AILMon.csproj", "{032BBF1D-4B48-4409-9860-F1B379DFDB55}"
EndProject
Project("{9A19103F-16F7-4668-BE54-9A1E7A4F7556}") = "Apollo_IL", "Apollo-IL\source\Apollo-VM\Apollo_IL.csproj", "{9018441F-565A-42CF-B6D4-CAEC671F9E86}"
EndProject
Global
	GlobalSection(SolutionConfigurationPlatforms) = preSolution
		Debug|Any CPU = Debug|Any CPU
		Release|Any CPU = Release|Any CPU
	EndGlobalSection
	GlobalSection(ProjectConfigurationPlatforms) = postSolution
		{032BBF1D-4B48-4409-9860-F1B379DFDB55}.Debug|Any CPU.ActiveCfg = Debug|Any CPU
		{032BBF1D-4B48-4409-9860-F1B379DFDB55}.Debug|Any CPU.Build.0 = Debug|Any CPU
		{032BBF1D-4B48-4409-9860-F1B379DFDB55}.Release|Any CPU.ActiveCfg = Release|Any CPU
		{032BBF1D-4B48-4409-9860-F1B379DFDB55}.Release|Any CPU.Build.0 = Release|Any CPU
		{9018441F-565A-42CF-B6D4-CAEC671F9E86}.Debug|Any CPU.ActiveCfg = Debug|Any CPU
		{9018441F-565A-42CF-B6D4-CAEC671F9E86}.Debug|Any CPU.Build.0 = Debug|Any CPU
		{9018441F-565A-42CF-B6D4-CAEC671F9E86}.Release|Any CPU.ActiveCfg = Release|Any CPU
		{9018441F-565A-42CF-B6D4-CAEC671F9E86}.Release|Any CPU.Build.0 = Release|Any CPU
	EndGlobalSection
	GlobalSection(SolutionProperties) = preSolution
		HideSolutionNode = FALSE
	EndGlobalSection
	GlobalSection(ExtensibilityGlobals) = postSolution
		SolutionGuid = {DDFD0503-D1A9-4CC8-B7F5-65ECBC28F8D8}
	EndGlobalSection
EndGlobal
